
Microsoft Visual Studio Solution File, Format Version 12.00
# Visual Studio Version 17
VisualStudioVersion = 17.6.33829.357
MinimumVisualStudioVersion = 10.0.40219.1
Project("{9A19103F-16F7-4668-BE54-9A1E7A4F7556}") = "holiday.search", "src\holiday.search\holiday.search.csproj", "{55BCD58C-9610-4AA5-A861-3F88E1C0735C}"
EndProject
Project("{FAE04EC0-301F-11D3-BF4B-00C04F79EFBC}") = "holiday.search.tests", "tests\holiday.search.tests\holiday.search.tests.csproj", "{336268B9-2DE7-4505-84E4-3583951209EE}"
EndProject
Global
	GlobalSection(SolutionConfigurationPlatforms) = preSolution
		Debug|Any CPU = Debug|Any CPU
		Release|Any CPU = Release|Any CPU
	EndGlobalSection
	GlobalSection(ProjectConfigurationPlatforms) = postSolution
		{55BCD58C-9610-4AA5-A861-3F88E1C0735C}.Debug|Any CPU.ActiveCfg = Debug|Any CPU
		{55BCD58C-9610-4AA5-A861-3F88E1C0735C}.Debug|Any CPU.Build.0 = Debug|Any CPU
		{55BCD58C-9610-4AA5-A861-3F88E1C0735C}.Release|Any CPU.ActiveCfg = Release|Any CPU
		{55BCD58C-9610-4AA5-A861-3F88E1C0735C}.Release|Any CPU.Build.0 = Release|Any CPU
		{336268B9-2DE7-4505-84E4-3583951209EE}.Debug|Any CPU.ActiveCfg = Debug|Any CPU
		{336268B9-2DE7-4505-84E4-3583951209EE}.Debug|Any CPU.Build.0 = Debug|Any CPU
		{336268B9-2DE7-4505-84E4-3583951209EE}.Release|Any CPU.ActiveCfg = Release|Any CPU
		{336268B9-2DE7-4505-84E4-3583951209EE}.Release|Any CPU.Build.0 = Release|Any CPU
	EndGlobalSection
	GlobalSection(SolutionProperties) = preSolution
		HideSolutionNode = FALSE
	EndGlobalSection
	GlobalSection(ExtensibilityGlobals) = postSolution
		SolutionGuid = {DD3CFF53-B77A-4F7C-9E78-7BBDF2798601}
	EndGlobalSection
EndGlobal
